
Microsoft Visual Studio Solution File, Format Version 12.00
# Visual Studio Version 17
VisualStudioVersion = 17.2.32616.157
MinimumVisualStudioVersion = 10.0.40219.1
Project("{FAE04EC0-301F-11D3-BF4B-00C04F79EFBC}") = "DotNetLab1", "DotNetLab1\DotNetLab1.csproj", "{13E09C4E-DB9C-441F-A3E3-3CDAD3591AA4}"
EndProject
Global
	GlobalSection(SolutionConfigurationPlatforms) = preSolution
		Debug|Any CPU = Debug|Any CPU
		Release|Any CPU = Release|Any CPU
	EndGlobalSection
	GlobalSection(ProjectConfigurationPlatforms) = postSolution
		{13E09C4E-DB9C-441F-A3E3-3CDAD3591AA4}.Debug|Any CPU.ActiveCfg = Debug|Any CPU
		{13E09C4E-DB9C-441F-A3E3-3CDAD3591AA4}.Debug|Any CPU.Build.0 = Debug|Any CPU
		{13E09C4E-DB9C-441F-A3E3-3CDAD3591AA4}.Release|Any CPU.ActiveCfg = Release|Any CPU
		{13E09C4E-DB9C-441F-A3E3-3CDAD3591AA4}.Release|Any CPU.Build.0 = Release|Any CPU
	EndGlobalSection
	GlobalSection(SolutionProperties) = preSolution
		HideSolutionNode = FALSE
	EndGlobalSection
	GlobalSection(ExtensibilityGlobals) = postSolution
		SolutionGuid = {05E37FB9-5D92-4934-8CA3-84E36AC658FD}
	EndGlobalSection
EndGlobal
